
Microsoft Visual Studio Solution File, Format Version 12.00
# Visual Studio Version 17
VisualStudioVersion = 17.9.34414.90
MinimumVisualStudioVersion = 10.0.40219.1
Project("{FAE04EC0-301F-11D3-BF4B-00C04F79EFBC}") = "CurrencyConverter.API", "CurrencyConverter.API\CurrencyConverter.API.csproj", "{256AB76C-3B59-43CD-9989-DCFDCD9C0532}"
EndProject
Project("{FAE04EC0-301F-11D3-BF4B-00C04F79EFBC}") = "CurrencyConverter.Business", "CurrencyConverter.Business\CurrencyConverter.Business.csproj", "{90DF6C73-9ED9-48BC-A02F-2958F3CEEB0C}"
EndProject
Project("{FAE04EC0-301F-11D3-BF4B-00C04F79EFBC}") = "CurrencyConverter.Test", "CurrencyConverter.Test\CurrencyConverter.Test.csproj", "{86BDCE43-40D9-4FD5-8429-A70C0EB7BA8F}"
EndProject
Global
	GlobalSection(SolutionConfigurationPlatforms) = preSolution
		Debug|Any CPU = Debug|Any CPU
		Release|Any CPU = Release|Any CPU
	EndGlobalSection
	GlobalSection(ProjectConfigurationPlatforms) = postSolution
		{256AB76C-3B59-43CD-9989-DCFDCD9C0532}.Debug|Any CPU.ActiveCfg = Debug|Any CPU
		{256AB76C-3B59-43CD-9989-DCFDCD9C0532}.Debug|Any CPU.Build.0 = Debug|Any CPU
		{256AB76C-3B59-43CD-9989-DCFDCD9C0532}.Release|Any CPU.ActiveCfg = Release|Any CPU
		{256AB76C-3B59-43CD-9989-DCFDCD9C0532}.Release|Any CPU.Build.0 = Release|Any CPU
		{90DF6C73-9ED9-48BC-A02F-2958F3CEEB0C}.Debug|Any CPU.ActiveCfg = Debug|Any CPU
		{90DF6C73-9ED9-48BC-A02F-2958F3CEEB0C}.Debug|Any CPU.Build.0 = Debug|Any CPU
		{90DF6C73-9ED9-48BC-A02F-2958F3CEEB0C}.Release|Any CPU.ActiveCfg = Release|Any CPU
		{90DF6C73-9ED9-48BC-A02F-2958F3CEEB0C}.Release|Any CPU.Build.0 = Release|Any CPU
		{86BDCE43-40D9-4FD5-8429-A70C0EB7BA8F}.Debug|Any CPU.ActiveCfg = Debug|Any CPU
		{86BDCE43-40D9-4FD5-8429-A70C0EB7BA8F}.Debug|Any CPU.Build.0 = Debug|Any CPU
		{86BDCE43-40D9-4FD5-8429-A70C0EB7BA8F}.Release|Any CPU.ActiveCfg = Release|Any CPU
		{86BDCE43-40D9-4FD5-8429-A70C0EB7BA8F}.Release|Any CPU.Build.0 = Release|Any CPU
	EndGlobalSection
	GlobalSection(SolutionProperties) = preSolution
		HideSolutionNode = FALSE
	EndGlobalSection
	GlobalSection(ExtensibilityGlobals) = postSolution
		SolutionGuid = {67025A87-2B68-4189-9672-3854B291F03C}
	EndGlobalSection
EndGlobal
